
Microsoft Visual Studio Solution File, Format Version 12.00
# Visual Studio Version 16
VisualStudioVersion = 16.0.31313.79
MinimumVisualStudioVersion = 10.0.40219.1
Project("{9A19103F-16F7-4668-BE54-9A1E7A4F7556}") = "Estate.Server", "Estate\Server\Estate.Server.csproj", "{034DA6F1-A79F-439E-8E3F-2BC9D77B95DF}"
EndProject
Project("{9A19103F-16F7-4668-BE54-9A1E7A4F7556}") = "Estate.Client", "Estate\Client\Estate.Client.csproj", "{699E7BE6-3398-412E-B5B8-AE705300FCED}"
EndProject
Project("{9A19103F-16F7-4668-BE54-9A1E7A4F7556}") = "Estate.Shared", "Estate\Shared\Estate.Shared.csproj", "{F1AC88DF-F8EF-46F4-BCCF-F73FD0842602}"
EndProject
Global
	GlobalSection(SolutionConfigurationPlatforms) = preSolution
		Debug|Any CPU = Debug|Any CPU
		Release|Any CPU = Release|Any CPU
	EndGlobalSection
	GlobalSection(ProjectConfigurationPlatforms) = postSolution
		{034DA6F1-A79F-439E-8E3F-2BC9D77B95DF}.Debug|Any CPU.ActiveCfg = Debug|Any CPU
		{034DA6F1-A79F-439E-8E3F-2BC9D77B95DF}.Debug|Any CPU.Build.0 = Debug|Any CPU
		{034DA6F1-A79F-439E-8E3F-2BC9D77B95DF}.Release|Any CPU.ActiveCfg = Release|Any CPU
		{034DA6F1-A79F-439E-8E3F-2BC9D77B95DF}.Release|Any CPU.Build.0 = Release|Any CPU
		{699E7BE6-3398-412E-B5B8-AE705300FCED}.Debug|Any CPU.ActiveCfg = Debug|Any CPU
		{699E7BE6-3398-412E-B5B8-AE705300FCED}.Debug|Any CPU.Build.0 = Debug|Any CPU
		{699E7BE6-3398-412E-B5B8-AE705300FCED}.Release|Any CPU.ActiveCfg = Release|Any CPU
		{699E7BE6-3398-412E-B5B8-AE705300FCED}.Release|Any CPU.Build.0 = Release|Any CPU
		{F1AC88DF-F8EF-46F4-BCCF-F73FD0842602}.Debug|Any CPU.ActiveCfg = Debug|Any CPU
		{F1AC88DF-F8EF-46F4-BCCF-F73FD0842602}.Debug|Any CPU.Build.0 = Debug|Any CPU
		{F1AC88DF-F8EF-46F4-BCCF-F73FD0842602}.Release|Any CPU.ActiveCfg = Release|Any CPU
		{F1AC88DF-F8EF-46F4-BCCF-F73FD0842602}.Release|Any CPU.Build.0 = Release|Any CPU
	EndGlobalSection
	GlobalSection(SolutionProperties) = preSolution
		HideSolutionNode = FALSE
	EndGlobalSection
	GlobalSection(ExtensibilityGlobals) = postSolution
		SolutionGuid = {E2F3561E-82B7-41F7-9014-1F81E73CDEC6}
	EndGlobalSection
EndGlobal
